// !$*UTF8*$!
{
	archiveVersion = 1;
	classes = {
	};
	objectVersion = 56;
	objects = {

/* Begin PBXBuildFile section */
		990021712ADC59D400A8C309 /* impact.ttf in Resources */ = {isa = PBXBuildFile; fileRef = 990021702ADC58EE00A8C309 /* impact.ttf */; };
		9900217D2ADD097C00A8C309 /* BarberRepo.swift in Sources */ = {isa = PBXBuildFile; fileRef = 9900217C2ADD097B00A8C309 /* BarberRepo.swift */; };
		9900217F2ADD0AEF00A8C309 /* OrderRepo.swift in Sources */ = {isa = PBXBuildFile; fileRef = 9900217E2ADD0AEE00A8C309 /* OrderRepo.swift */; };
		99015ACD2AD82B6A005ADD6B /* Color.swift in Sources */ = {isa = PBXBuildFile; fileRef = 99015ACC2AD82B6A005ADD6B /* Color.swift */; };
		99015AD12AD82CD4005ADD6B /* LinearGradient.swift in Sources */ = {isa = PBXBuildFile; fileRef = 99015AD02AD82CD4005ADD6B /* LinearGradient.swift */; };
		99015AE92AD8781B005ADD6B /* ProfileView.swift in Sources */ = {isa = PBXBuildFile; fileRef = 99015AE82AD8781B005ADD6B /* ProfileView.swift */; };
		99319D522AE04818004765D3 /* HFNavigation in Frameworks */ = {isa = PBXBuildFile; productRef = 99319D512AE04818004765D3 /* HFNavigation */; };
		99319D5D2AE05818004765D3 /* HFAuth in Frameworks */ = {isa = PBXBuildFile; productRef = 99319D5C2AE05818004765D3 /* HFAuth */; };
		99319D5F2AE05818004765D3 /* HFCoreModel in Frameworks */ = {isa = PBXBuildFile; productRef = 99319D5E2AE05818004765D3 /* HFCoreModel */; };
		99319D612AE05818004765D3 /* HFCoreUI in Frameworks */ = {isa = PBXBuildFile; productRef = 99319D602AE05818004765D3 /* HFCoreUI */; };
		995D1DD72AD9A32100C75583 /* AdmissionView.swift in Sources */ = {isa = PBXBuildFile; fileRef = 995D1DD62AD9A32100C75583 /* AdmissionView.swift */; };
		995D1DDA2AD9A3CF00C75583 /* ActivationView.swift in Sources */ = {isa = PBXBuildFile; fileRef = 995D1DD92AD9A3CF00C75583 /* ActivationView.swift */; };
		99A03B352AD5D39900814D02 /* NhafeflekApp.swift in Sources */ = {isa = PBXBuildFile; fileRef = 99A03B342AD5D39900814D02 /* NhafeflekApp.swift */; };
		99A03B372AD5D39900814D02 /* MainView.swift in Sources */ = {isa = PBXBuildFile; fileRef = 99A03B362AD5D39900814D02 /* MainView.swift */; };
		99A03B392AD5D39B00814D02 /* Assets.xcassets in Resources */ = {isa = PBXBuildFile; fileRef = 99A03B382AD5D39B00814D02 /* Assets.xcassets */; };
		99A03B3C2AD5D39B00814D02 /* Preview Assets.xcassets in Resources */ = {isa = PBXBuildFile; fileRef = 99A03B3B2AD5D39B00814D02 /* Preview Assets.xcassets */; };
		99A03B442AD5D42900814D02 /* HFNavigation in Frameworks */ = {isa = PBXBuildFile; productRef = 99A03B432AD5D42900814D02 /* HFNavigation */; };
		99B4289A2AD978F100C54654 /* SplashViewModel.swift in Sources */ = {isa = PBXBuildFile; fileRef = 99B428992AD978F100C54654 /* SplashViewModel.swift */; };
		99D453172ADDA1990022E2BC /* UserRepo.swift in Sources */ = {isa = PBXBuildFile; fileRef = 99D453162ADDA1990022E2BC /* UserRepo.swift */; };
		99DA307D2AD9DF8700E68474 /* Logger.swift in Sources */ = {isa = PBXBuildFile; fileRef = 99DA307C2AD9DF8700E68474 /* Logger.swift */; };
		99ED94282AD923030022F1F7 /* AppointmentsView.swift in Sources */ = {isa = PBXBuildFile; fileRef = 99ED94272AD923030022F1F7 /* AppointmentsView.swift */; };
		99ED942B2AD928580022F1F7 /* Tabs.swift in Sources */ = {isa = PBXBuildFile; fileRef = 99ED942A2AD928580022F1F7 /* Tabs.swift */; };
		99ED942D2AD928C50022F1F7 /* CalendarView.swift in Sources */ = {isa = PBXBuildFile; fileRef = 99ED942C2AD928C50022F1F7 /* CalendarView.swift */; };
		99ED94312AD92AEE0022F1F7 /* UIImage.swift in Sources */ = {isa = PBXBuildFile; fileRef = 99ED94302AD92AEE0022F1F7 /* UIImage.swift */; };
		99ED94362AD92CF00022F1F7 /* FirebaseAuthCombine-Community in Frameworks */ = {isa = PBXBuildFile; productRef = 99ED94352AD92CF00022F1F7 /* FirebaseAuthCombine-Community */; };
		99ED94382AD92CF00022F1F7 /* FirebaseFirestore in Frameworks */ = {isa = PBXBuildFile; productRef = 99ED94372AD92CF00022F1F7 /* FirebaseFirestore */; };
		99ED943A2AD92CF00022F1F7 /* FirebaseFirestoreCombine-Community in Frameworks */ = {isa = PBXBuildFile; productRef = 99ED94392AD92CF00022F1F7 /* FirebaseFirestoreCombine-Community */; };
		99ED943C2AD92CF00022F1F7 /* FirebaseFirestoreSwift in Frameworks */ = {isa = PBXBuildFile; productRef = 99ED943B2AD92CF00022F1F7 /* FirebaseFirestoreSwift */; };
		99ED943E2AD92D4E0022F1F7 /* AppDelegate.swift in Sources */ = {isa = PBXBuildFile; fileRef = 99ED943D2AD92D4E0022F1F7 /* AppDelegate.swift */; };
		99ED94412AD944620022F1F7 /* SplashView.swift in Sources */ = {isa = PBXBuildFile; fileRef = 99ED94402AD944620022F1F7 /* SplashView.swift */; };
		99ED94442AD945930022F1F7 /* GoogleService-Info.plist in Resources */ = {isa = PBXBuildFile; fileRef = 99ED94432AD945920022F1F7 /* GoogleService-Info.plist */; };
/* End PBXBuildFile section */

/* Begin PBXFileReference section */
		990021702ADC58EE00A8C309 /* impact.ttf */ = {isa = PBXFileReference; lastKnownFileType = file; path = impact.ttf; sourceTree = "<group>"; };
		990021722ADC5A1A00A8C309 /* Info.plist */ = {isa = PBXFileReference; lastKnownFileType = text.plist; path = Info.plist; sourceTree = "<group>"; };
		9900217C2ADD097B00A8C309 /* BarberRepo.swift */ = {isa = PBXFileReference; lastKnownFileType = sourcecode.swift; path = BarberRepo.swift; sourceTree = "<group>"; };
		9900217E2ADD0AEE00A8C309 /* OrderRepo.swift */ = {isa = PBXFileReference; lastKnownFileType = sourcecode.swift; path = OrderRepo.swift; sourceTree = "<group>"; };
		99015ACC2AD82B6A005ADD6B /* Color.swift */ = {isa = PBXFileReference; lastKnownFileType = sourcecode.swift; path = Color.swift; sourceTree = "<group>"; };
		99015AD02AD82CD4005ADD6B /* LinearGradient.swift */ = {isa = PBXFileReference; lastKnownFileType = sourcecode.swift; path = LinearGradient.swift; sourceTree = "<group>"; };
		99015AE82AD8781B005ADD6B /* ProfileView.swift */ = {isa = PBXFileReference; lastKnownFileType = sourcecode.swift; path = ProfileView.swift; sourceTree = "<group>"; };
		995D1DD62AD9A32100C75583 /* AdmissionView.swift */ = {isa = PBXFileReference; lastKnownFileType = sourcecode.swift; path = AdmissionView.swift; sourceTree = "<group>"; };
		995D1DD92AD9A3CF00C75583 /* ActivationView.swift */ = {isa = PBXFileReference; lastKnownFileType = sourcecode.swift; path = ActivationView.swift; sourceTree = "<group>"; };
		99A03B312AD5D39900814D02 /* Nhafeflek.app */ = {isa = PBXFileReference; explicitFileType = wrapper.application; includeInIndex = 0; path = Nhafeflek.app; sourceTree = BUILT_PRODUCTS_DIR; };
		99A03B342AD5D39900814D02 /* NhafeflekApp.swift */ = {isa = PBXFileReference; lastKnownFileType = sourcecode.swift; path = NhafeflekApp.swift; sourceTree = "<group>"; };
		99A03B362AD5D39900814D02 /* MainView.swift */ = {isa = PBXFileReference; lastKnownFileType = sourcecode.swift; path = MainView.swift; sourceTree = "<group>"; };
		99A03B382AD5D39B00814D02 /* Assets.xcassets */ = {isa = PBXFileReference; lastKnownFileType = folder.assetcatalog; path = Assets.xcassets; sourceTree = "<group>"; };
		99A03B3B2AD5D39B00814D02 /* Preview Assets.xcassets */ = {isa = PBXFileReference; lastKnownFileType = folder.assetcatalog; path = "Preview Assets.xcassets"; sourceTree = "<group>"; };
		99B428992AD978F100C54654 /* SplashViewModel.swift */ = {isa = PBXFileReference; lastKnownFileType = sourcecode.swift; path = SplashViewModel.swift; sourceTree = "<group>"; };
		99D453162ADDA1990022E2BC /* UserRepo.swift */ = {isa = PBXFileReference; lastKnownFileType = sourcecode.swift; path = UserRepo.swift; sourceTree = "<group>"; };
		99DA307C2AD9DF8700E68474 /* Logger.swift */ = {isa = PBXFileReference; lastKnownFileType = sourcecode.swift; path = Logger.swift; sourceTree = "<group>"; };
		99ED94272AD923030022F1F7 /* AppointmentsView.swift */ = {isa = PBXFileReference; lastKnownFileType = sourcecode.swift; path = AppointmentsView.swift; sourceTree = "<group>"; };
		99ED942A2AD928580022F1F7 /* Tabs.swift */ = {isa = PBXFileReference; lastKnownFileType = sourcecode.swift; path = Tabs.swift; sourceTree = "<group>"; };
		99ED942C2AD928C50022F1F7 /* CalendarView.swift */ = {isa = PBXFileReference; lastKnownFileType = sourcecode.swift; path = CalendarView.swift; sourceTree = "<group>"; };
		99ED94302AD92AEE0022F1F7 /* UIImage.swift */ = {isa = PBXFileReference; lastKnownFileType = sourcecode.swift; path = UIImage.swift; sourceTree = "<group>"; };
		99ED943D2AD92D4E0022F1F7 /* AppDelegate.swift */ = {isa = PBXFileReference; lastKnownFileType = sourcecode.swift; path = AppDelegate.swift; sourceTree = "<group>"; };
		99ED94402AD944620022F1F7 /* SplashView.swift */ = {isa = PBXFileReference; lastKnownFileType = sourcecode.swift; path = SplashView.swift; sourceTree = "<group>"; };
		99ED94432AD945920022F1F7 /* GoogleService-Info.plist */ = {isa = PBXFileReference; fileEncoding = 4; lastKnownFileType = text.plist.xml; path = "GoogleService-Info.plist"; sourceTree = "<group>"; };
/* End PBXFileReference section */

/* Begin PBXFrameworksBuildPhase section */
		99A03B2E2AD5D39900814D02 /* Frameworks */ = {
			isa = PBXFrameworksBuildPhase;
			buildActionMask = 2147483647;
			files = (
				99A03B442AD5D42900814D02 /* HFNavigation in Frameworks */,
				99ED94382AD92CF00022F1F7 /* FirebaseFirestore in Frameworks */,
				99ED94362AD92CF00022F1F7 /* FirebaseAuthCombine-Community in Frameworks */,
				99319D612AE05818004765D3 /* HFCoreUI in Frameworks */,
				99319D5F2AE05818004765D3 /* HFCoreModel in Frameworks */,
				99ED943A2AD92CF00022F1F7 /* FirebaseFirestoreCombine-Community in Frameworks */,
				99319D5D2AE05818004765D3 /* HFAuth in Frameworks */,
				99319D522AE04818004765D3 /* HFNavigation in Frameworks */,
				99ED943C2AD92CF00022F1F7 /* FirebaseFirestoreSwift in Frameworks */,
			);
			runOnlyForDeploymentPostprocessing = 0;
		};
/* End PBXFrameworksBuildPhase section */

/* Begin PBXGroup section */
		9900216D2ADC587300A8C309 /* Ressources */ = {
			isa = PBXGroup;
			children = (
				9900216E2ADC58B400A8C309 /* Fonts */,
			);
			path = Ressources;
			sourceTree = "<group>";
		};
		9900216E2ADC58B400A8C309 /* Fonts */ = {
			isa = PBXGroup;
			children = (
				9900216F2ADC58BE00A8C309 /* Impact */,
			);
			path = Fonts;
			sourceTree = "<group>";
		};
		9900216F2ADC58BE00A8C309 /* Impact */ = {
			isa = PBXGroup;
			children = (
				990021702ADC58EE00A8C309 /* impact.ttf */,
			);
			path = Impact;
			sourceTree = "<group>";
		};
		9900217B2ADC78EA00A8C309 /* Repos */ = {
			isa = PBXGroup;
			children = (
				9900217C2ADD097B00A8C309 /* BarberRepo.swift */,
				9900217E2ADD0AEE00A8C309 /* OrderRepo.swift */,
				99D453162ADDA1990022E2BC /* UserRepo.swift */,
			);
			path = Repos;
			sourceTree = "<group>";
		};
		99015AC52AD82842005ADD6B /* Models */ = {
			isa = PBXGroup;
			children = (
				99015AC72AD82857005ADD6B /* remotes */,
				99015AC62AD8284C005ADD6B /* locals */,
			);
			path = Models;
			sourceTree = "<group>";
		};
		99015AC62AD8284C005ADD6B /* locals */ = {
			isa = PBXGroup;
			children = (
				99ED942A2AD928580022F1F7 /* Tabs.swift */,
			);
			path = locals;
			sourceTree = "<group>";
		};
		99015AC72AD82857005ADD6B /* remotes */ = {
			isa = PBXGroup;
			children = (
			);
			path = remotes;
			sourceTree = "<group>";
		};
		99015ACE2AD82B6E005ADD6B /* Extensions */ = {
			isa = PBXGroup;
			children = (
				99015ACF2AD82B79005ADD6B /* SwiftUI */,
			);
			path = Extensions;
			sourceTree = "<group>";
		};
		99015ACF2AD82B79005ADD6B /* SwiftUI */ = {
			isa = PBXGroup;
			children = (
				99015ACC2AD82B6A005ADD6B /* Color.swift */,
				99015AD02AD82CD4005ADD6B /* LinearGradient.swift */,
				99ED94302AD92AEE0022F1F7 /* UIImage.swift */,
			);
			path = SwiftUI;
			sourceTree = "<group>";
		};
		99015ADF2AD83496005ADD6B /* Views */ = {
			isa = PBXGroup;
			children = (
				99ED94422AD944650022F1F7 /* Splash */,
				995D1DD82AD9A38600C75583 /* Onboarding */,
				99ED942F2AD92A680022F1F7 /* Main */,
				99ED94292AD9230A0022F1F7 /* Apoointments */,
				99ED942E2AD929B80022F1F7 /* Calendar */,
				99015AEA2AD8781F005ADD6B /* Profile */,
			);
			path = Views;
			sourceTree = "<group>";
		};
		99015AEA2AD8781F005ADD6B /* Profile */ = {
			isa = PBXGroup;
			children = (
				99015AE82AD8781B005ADD6B /* ProfileView.swift */,
			);
			path = Profile;
			sourceTree = "<group>";
		};
		99319D5B2AE05818004765D3 /* Frameworks */ = {
			isa = PBXGroup;
			children = (
			);
			name = Frameworks;
			sourceTree = "<group>";
		};
		995D1DD82AD9A38600C75583 /* Onboarding */ = {
			isa = PBXGroup;
			children = (
				995D1DDC2AD9A3DC00C75583 /* Admission */,
				995D1DDB2AD9A3D300C75583 /* Activation */,
			);
			path = Onboarding;
			sourceTree = "<group>";
		};
		995D1DDB2AD9A3D300C75583 /* Activation */ = {
			isa = PBXGroup;
			children = (
				995D1DD92AD9A3CF00C75583 /* ActivationView.swift */,
			);
			path = Activation;
			sourceTree = "<group>";
		};
		995D1DDC2AD9A3DC00C75583 /* Admission */ = {
			isa = PBXGroup;
			children = (
				995D1DD62AD9A32100C75583 /* AdmissionView.swift */,
			);
			path = Admission;
			sourceTree = "<group>";
		};
		99A03B282AD5D39900814D02 = {
			isa = PBXGroup;
			children = (
				99A03B332AD5D39900814D02 /* Nhafeflek */,
				99A03B322AD5D39900814D02 /* Products */,
				99319D5B2AE05818004765D3 /* Frameworks */,
			);
			sourceTree = "<group>";
		};
		99A03B322AD5D39900814D02 /* Products */ = {
			isa = PBXGroup;
			children = (
				99A03B312AD5D39900814D02 /* Nhafeflek.app */,
			);
			name = Products;
			sourceTree = "<group>";
		};
		99A03B332AD5D39900814D02 /* Nhafeflek */ = {
			isa = PBXGroup;
			children = (
				990021722ADC5A1A00A8C309 /* Info.plist */,
				99ED94432AD945920022F1F7 /* GoogleService-Info.plist */,
				9900216D2ADC587300A8C309 /* Ressources */,
				99015ACE2AD82B6E005ADD6B /* Extensions */,
				99ED943F2AD92D520022F1F7 /* App */,
				99015ADF2AD83496005ADD6B /* Views */,
				99015AC52AD82842005ADD6B /* Models */,
				99B4289D2AD9796E00C54654 /* Services */,
				99DA307E2AD9DF8C00E68474 /* Managers */,
				99A03B3A2AD5D39B00814D02 /* Preview Content */,
				99A03B382AD5D39B00814D02 /* Assets.xcassets */,
			);
			path = Nhafeflek;
			sourceTree = "<group>";
		};
		99A03B3A2AD5D39B00814D02 /* Preview Content */ = {
			isa = PBXGroup;
			children = (
				99A03B3B2AD5D39B00814D02 /* Preview Assets.xcassets */,
			);
			path = "Preview Content";
			sourceTree = "<group>";
		};
		99B4289D2AD9796E00C54654 /* Services */ = {
			isa = PBXGroup;
			children = (
				9900217B2ADC78EA00A8C309 /* Repos */,
			);
			path = Services;
			sourceTree = "<group>";
		};
		99DA307E2AD9DF8C00E68474 /* Managers */ = {
			isa = PBXGroup;
			children = (
				99DA307C2AD9DF8700E68474 /* Logger.swift */,
			);
			path = Managers;
			sourceTree = "<group>";
		};
		99ED94292AD9230A0022F1F7 /* Apoointments */ = {
			isa = PBXGroup;
			children = (
				99ED94272AD923030022F1F7 /* AppointmentsView.swift */,
			);
			path = Apoointments;
			sourceTree = "<group>";
		};
		99ED942E2AD929B80022F1F7 /* Calendar */ = {
			isa = PBXGroup;
			children = (
				99ED942C2AD928C50022F1F7 /* CalendarView.swift */,
			);
			path = Calendar;
			sourceTree = "<group>";
		};
		99ED942F2AD92A680022F1F7 /* Main */ = {
			isa = PBXGroup;
			children = (
				99A03B362AD5D39900814D02 /* MainView.swift */,
			);
			path = Main;
			sourceTree = "<group>";
		};
		99ED943F2AD92D520022F1F7 /* App */ = {
			isa = PBXGroup;
			children = (
				99A03B342AD5D39900814D02 /* NhafeflekApp.swift */,
				99ED943D2AD92D4E0022F1F7 /* AppDelegate.swift */,
			);
			path = App;
			sourceTree = "<group>";
		};
		99ED94422AD944650022F1F7 /* Splash */ = {
			isa = PBXGroup;
			children = (
				99ED94402AD944620022F1F7 /* SplashView.swift */,
				99B428992AD978F100C54654 /* SplashViewModel.swift */,
			);
			path = Splash;
			sourceTree = "<group>";
		};
/* End PBXGroup section */

/* Begin PBXNativeTarget section */
		99A03B302AD5D39900814D02 /* Nhafeflek */ = {
			isa = PBXNativeTarget;
			buildConfigurationList = 99A03B3F2AD5D39B00814D02 /* Build configuration list for PBXNativeTarget "Nhafeflek" */;
			buildPhases = (
				99A03B2D2AD5D39900814D02 /* Sources */,
				99A03B2E2AD5D39900814D02 /* Frameworks */,
				99A03B2F2AD5D39900814D02 /* Resources */,
			);
			buildRules = (
			);
			dependencies = (
			);
			name = Nhafeflek;
			packageProductDependencies = (
				99A03B432AD5D42900814D02 /* HFNavigation */,
				99ED94352AD92CF00022F1F7 /* FirebaseAuthCombine-Community */,
				99ED94372AD92CF00022F1F7 /* FirebaseFirestore */,
				99ED94392AD92CF00022F1F7 /* FirebaseFirestoreCombine-Community */,
				99ED943B2AD92CF00022F1F7 /* FirebaseFirestoreSwift */,
				99319D512AE04818004765D3 /* HFNavigation */,
				99319D5C2AE05818004765D3 /* HFAuth */,
				99319D5E2AE05818004765D3 /* HFCoreModel */,
				99319D602AE05818004765D3 /* HFCoreUI */,
			);
			productName = Nhafeflek;
			productReference = 99A03B312AD5D39900814D02 /* Nhafeflek.app */;
			productType = "com.apple.product-type.application";
		};
/* End PBXNativeTarget section */

/* Begin PBXProject section */
		99A03B292AD5D39900814D02 /* Project object */ = {
			isa = PBXProject;
			attributes = {
				BuildIndependentTargetsInParallel = 1;
				LastSwiftUpdateCheck = 1500;
				LastUpgradeCheck = 1500;
				TargetAttributes = {
					99A03B302AD5D39900814D02 = {
						CreatedOnToolsVersion = 15.0;
					};
				};
			};
			buildConfigurationList = 99A03B2C2AD5D39900814D02 /* Build configuration list for PBXProject "Nhafeflek" */;
			compatibilityVersion = "Xcode 14.0";
			developmentRegion = en;
			hasScannedForEncodings = 0;
			knownRegions = (
				en,
				Base,
			);
			mainGroup = 99A03B282AD5D39900814D02;
			packageReferences = (
				99ED94322AD92CF00022F1F7 /* XCRemoteSwiftPackageReference "firebase-ios-sdk" */,
			);
			productRefGroup = 99A03B322AD5D39900814D02 /* Products */;
			projectDirPath = "";
			projectRoot = "";
			targets = (
				99A03B302AD5D39900814D02 /* Nhafeflek */,
			);
		};
/* End PBXProject section */

/* Begin PBXResourcesBuildPhase section */
		99A03B2F2AD5D39900814D02 /* Resources */ = {
			isa = PBXResourcesBuildPhase;
			buildActionMask = 2147483647;
			files = (
				990021712ADC59D400A8C309 /* impact.ttf in Resources */,
				99A03B3C2AD5D39B00814D02 /* Preview Assets.xcassets in Resources */,
				99A03B392AD5D39B00814D02 /* Assets.xcassets in Resources */,
				99ED94442AD945930022F1F7 /* GoogleService-Info.plist in Resources */,
			);
			runOnlyForDeploymentPostprocessing = 0;
		};
/* End PBXResourcesBuildPhase section */

/* Begin PBXSourcesBuildPhase section */
		99A03B2D2AD5D39900814D02 /* Sources */ = {
			isa = PBXSourcesBuildPhase;
			buildActionMask = 2147483647;
			files = (
				99DA307D2AD9DF8700E68474 /* Logger.swift in Sources */,
				99B4289A2AD978F100C54654 /* SplashViewModel.swift in Sources */,
				995D1DD72AD9A32100C75583 /* AdmissionView.swift in Sources */,
				99ED94312AD92AEE0022F1F7 /* UIImage.swift in Sources */,
				99ED94282AD923030022F1F7 /* AppointmentsView.swift in Sources */,
				99ED942B2AD928580022F1F7 /* Tabs.swift in Sources */,
				9900217F2ADD0AEF00A8C309 /* OrderRepo.swift in Sources */,
				995D1DDA2AD9A3CF00C75583 /* ActivationView.swift in Sources */,
				99A03B372AD5D39900814D02 /* MainView.swift in Sources */,
				99ED942D2AD928C50022F1F7 /* CalendarView.swift in Sources */,
				99A03B352AD5D39900814D02 /* NhafeflekApp.swift in Sources */,
				99015AE92AD8781B005ADD6B /* ProfileView.swift in Sources */,
				99015AD12AD82CD4005ADD6B /* LinearGradient.swift in Sources */,
				99ED94412AD944620022F1F7 /* SplashView.swift in Sources */,
				99015ACD2AD82B6A005ADD6B /* Color.swift in Sources */,
				9900217D2ADD097C00A8C309 /* BarberRepo.swift in Sources */,
				99D453172ADDA1990022E2BC /* UserRepo.swift in Sources */,
				99ED943E2AD92D4E0022F1F7 /* AppDelegate.swift in Sources */,
			);
			runOnlyForDeploymentPostprocessing = 0;
		};
/* End PBXSourcesBuildPhase section */

/* Begin XCBuildConfiguration section */
		99A03B3D2AD5D39B00814D02 /* Debug */ = {
			isa = XCBuildConfiguration;
			buildSettings = {
				ALWAYS_SEARCH_USER_PATHS = NO;
				ASSETCATALOG_COMPILER_GENERATE_SWIFT_ASSET_SYMBOL_EXTENSIONS = YES;
				CLANG_ANALYZER_NONNULL = YES;
				CLANG_ANALYZER_NUMBER_OBJECT_CONVERSION = YES_AGGRESSIVE;
				CLANG_CXX_LANGUAGE_STANDARD = "gnu++20";
				CLANG_ENABLE_MODULES = YES;
				CLANG_ENABLE_OBJC_ARC = YES;
				CLANG_ENABLE_OBJC_WEAK = YES;
				CLANG_WARN_BLOCK_CAPTURE_AUTORELEASING = YES;
				CLANG_WARN_BOOL_CONVERSION = YES;
				CLANG_WARN_COMMA = YES;
				CLANG_WARN_CONSTANT_CONVERSION = YES;
				CLANG_WARN_DEPRECATED_OBJC_IMPLEMENTATIONS = YES;
				CLANG_WARN_DIRECT_OBJC_ISA_USAGE = YES_ERROR;
				CLANG_WARN_DOCUMENTATION_COMMENTS = YES;
				CLANG_WARN_EMPTY_BODY = YES;
				CLANG_WARN_ENUM_CONVERSION = YES;
				CLANG_WARN_INFINITE_RECURSION = YES;
				CLANG_WARN_INT_CONVERSION = YES;
				CLANG_WARN_NON_LITERAL_NULL_CONVERSION = YES;
				CLANG_WARN_OBJC_IMPLICIT_RETAIN_SELF = YES;
				CLANG_WARN_OBJC_LITERAL_CONVERSION = YES;
				CLANG_WARN_OBJC_ROOT_CLASS = YES_ERROR;
				CLANG_WARN_QUOTED_INCLUDE_IN_FRAMEWORK_HEADER = YES;
				CLANG_WARN_RANGE_LOOP_ANALYSIS = YES;
				CLANG_WARN_STRICT_PROTOTYPES = YES;
				CLANG_WARN_SUSPICIOUS_MOVE = YES;
				CLANG_WARN_UNGUARDED_AVAILABILITY = YES_AGGRESSIVE;
				CLANG_WARN_UNREACHABLE_CODE = YES;
				CLANG_WARN__DUPLICATE_METHOD_MATCH = YES;
				COPY_PHASE_STRIP = NO;
				DEBUG_INFORMATION_FORMAT = dwarf;
				ENABLE_STRICT_OBJC_MSGSEND = YES;
				ENABLE_TESTABILITY = YES;
				ENABLE_USER_SCRIPT_SANDBOXING = YES;
				GCC_C_LANGUAGE_STANDARD = gnu17;
				GCC_DYNAMIC_NO_PIC = NO;
				GCC_NO_COMMON_BLOCKS = YES;
				GCC_OPTIMIZATION_LEVEL = 0;
				GCC_PREPROCESSOR_DEFINITIONS = (
					"DEBUG=1",
					"$(inherited)",
				);
				GCC_WARN_64_TO_32_BIT_CONVERSION = YES;
				GCC_WARN_ABOUT_RETURN_TYPE = YES_ERROR;
				GCC_WARN_UNDECLARED_SELECTOR = YES;
				GCC_WARN_UNINITIALIZED_AUTOS = YES_AGGRESSIVE;
				GCC_WARN_UNUSED_FUNCTION = YES;
				GCC_WARN_UNUSED_VARIABLE = YES;
				IPHONEOS_DEPLOYMENT_TARGET = 15.0;
				LOCALIZATION_PREFERS_STRING_CATALOGS = YES;
				MTL_ENABLE_DEBUG_INFO = INCLUDE_SOURCE;
				MTL_FAST_MATH = YES;
				ONLY_ACTIVE_ARCH = YES;
				SDKROOT = iphoneos;
				SWIFT_ACTIVE_COMPILATION_CONDITIONS = "DEBUG $(inherited)";
				SWIFT_OPTIMIZATION_LEVEL = "-Onone";
			};
			name = Debug;
		};
		99A03B3E2AD5D39B00814D02 /* Release */ = {
			isa = XCBuildConfiguration;
			buildSettings = {
				ALWAYS_SEARCH_USER_PATHS = NO;
				ASSETCATALOG_COMPILER_GENERATE_SWIFT_ASSET_SYMBOL_EXTENSIONS = YES;
				CLANG_ANALYZER_NONNULL = YES;
				CLANG_ANALYZER_NUMBER_OBJECT_CONVERSION = YES_AGGRESSIVE;
				CLANG_CXX_LANGUAGE_STANDARD = "gnu++20";
				CLANG_ENABLE_MODULES = YES;
				CLANG_ENABLE_OBJC_ARC = YES;
				CLANG_ENABLE_OBJC_WEAK = YES;
				CLANG_WARN_BLOCK_CAPTURE_AUTORELEASING = YES;
				CLANG_WARN_BOOL_CONVERSION = YES;
				CLANG_WARN_COMMA = YES;
				CLANG_WARN_CONSTANT_CONVERSION = YES;
				CLANG_WARN_DEPRECATED_OBJC_IMPLEMENTATIONS = YES;
				CLANG_WARN_DIRECT_OBJC_ISA_USAGE = YES_ERROR;
				CLANG_WARN_DOCUMENTATION_COMMENTS = YES;
				CLANG_WARN_EMPTY_BODY = YES;
				CLANG_WARN_ENUM_CONVERSION = YES;
				CLANG_WARN_INFINITE_RECURSION = YES;
				CLANG_WARN_INT_CONVERSION = YES;
				CLANG_WARN_NON_LITERAL_NULL_CONVERSION = YES;
				CLANG_WARN_OBJC_IMPLICIT_RETAIN_SELF = YES;
				CLANG_WARN_OBJC_LITERAL_CONVERSION = YES;
				CLANG_WARN_OBJC_ROOT_CLASS = YES_ERROR;
				CLANG_WARN_QUOTED_INCLUDE_IN_FRAMEWORK_HEADER = YES;
				CLANG_WARN_RANGE_LOOP_ANALYSIS = YES;
				CLANG_WARN_STRICT_PROTOTYPES = YES;
				CLANG_WARN_SUSPICIOUS_MOVE = YES;
				CLANG_WARN_UNGUARDED_AVAILABILITY = YES_AGGRESSIVE;
				CLANG_WARN_UNREACHABLE_CODE = YES;
				CLANG_WARN__DUPLICATE_METHOD_MATCH = YES;
				COPY_PHASE_STRIP = NO;
				DEBUG_INFORMATION_FORMAT = "dwarf-with-dsym";
				ENABLE_NS_ASSERTIONS = NO;
				ENABLE_STRICT_OBJC_MSGSEND = YES;
				ENABLE_USER_SCRIPT_SANDBOXING = YES;
				GCC_C_LANGUAGE_STANDARD = gnu17;
				GCC_NO_COMMON_BLOCKS = YES;
				GCC_WARN_64_TO_32_BIT_CONVERSION = YES;
				GCC_WARN_ABOUT_RETURN_TYPE = YES_ERROR;
				GCC_WARN_UNDECLARED_SELECTOR = YES;
				GCC_WARN_UNINITIALIZED_AUTOS = YES_AGGRESSIVE;
				GCC_WARN_UNUSED_FUNCTION = YES;
				GCC_WARN_UNUSED_VARIABLE = YES;
				IPHONEOS_DEPLOYMENT_TARGET = 15.0;
				LOCALIZATION_PREFERS_STRING_CATALOGS = YES;
				MTL_ENABLE_DEBUG_INFO = NO;
				MTL_FAST_MATH = YES;
				SDKROOT = iphoneos;
				SWIFT_COMPILATION_MODE = wholemodule;
				VALIDATE_PRODUCT = YES;
			};
			name = Release;
		};
		99A03B402AD5D39B00814D02 /* Debug */ = {
			isa = XCBuildConfiguration;
			buildSettings = {
				ASSETCATALOG_COMPILER_APPICON_NAME = AppIcon;
				ASSETCATALOG_COMPILER_GLOBAL_ACCENT_COLOR_NAME = AccentColor;
				CODE_SIGN_STYLE = Automatic;
				CURRENT_PROJECT_VERSION = 1;
				DEVELOPMENT_ASSET_PATHS = "\"Nhafeflek/Preview Content\"";
				DEVELOPMENT_TEAM = QH3T53K3KZ;
				ENABLE_PREVIEWS = YES;
				GENERATE_INFOPLIST_FILE = YES;
				INFOPLIST_FILE = Nhafeflek/Info.plist;
				INFOPLIST_KEY_LSApplicationCategoryType = "public.app-category.healthcare-fitness";
				INFOPLIST_KEY_UIApplicationSceneManifest_Generation = YES;
				INFOPLIST_KEY_UIApplicationSupportsIndirectInputEvents = YES;
				INFOPLIST_KEY_UILaunchScreen_Generation = YES;
				INFOPLIST_KEY_UILaunchStoryboardName = "/Users/raynex/Desktop/Simulator Screenshot - iPhone 14 Pro - 2023-10-13 at 13.56.44.png";
				INFOPLIST_KEY_UISupportedInterfaceOrientations_iPad = "UIInterfaceOrientationPortrait UIInterfaceOrientationPortraitUpsideDown UIInterfaceOrientationLandscapeLeft UIInterfaceOrientationLandscapeRight";
				INFOPLIST_KEY_UISupportedInterfaceOrientations_iPhone = "UIInterfaceOrientationPortrait UIInterfaceOrientationLandscapeLeft UIInterfaceOrientationLandscapeRight";
				IPHONEOS_DEPLOYMENT_TARGET = 15.0;
				LD_RUNPATH_SEARCH_PATHS = (
					"$(inherited)",
					"@executable_path/Frameworks",
				);
				MARKETING_VERSION = 1.0;
				PRODUCT_BUNDLE_IDENTIFIER = com.raynmore.Nhafeflek;
				PRODUCT_NAME = "$(TARGET_NAME)";
				SWIFT_EMIT_LOC_STRINGS = YES;
				SWIFT_VERSION = 5.0;
				TARGETED_DEVICE_FAMILY = "1,2";
			};
			name = Debug;
		};
		99A03B412AD5D39B00814D02 /* Release */ = {
			isa = XCBuildConfiguration;
			buildSettings = {
				ASSETCATALOG_COMPILER_APPICON_NAME = AppIcon;
				ASSETCATALOG_COMPILER_GLOBAL_ACCENT_COLOR_NAME = AccentColor;
				CODE_SIGN_STYLE = Automatic;
				CURRENT_PROJECT_VERSION = 1;
				DEVELOPMENT_ASSET_PATHS = "\"Nhafeflek/Preview Content\"";
				DEVELOPMENT_TEAM = QH3T53K3KZ;
				ENABLE_PREVIEWS = YES;
				GENERATE_INFOPLIST_FILE = YES;
				INFOPLIST_FILE = Nhafeflek/Info.plist;
				INFOPLIST_KEY_LSApplicationCategoryType = "public.app-category.healthcare-fitness";
				INFOPLIST_KEY_UIApplicationSceneManifest_Generation = YES;
				INFOPLIST_KEY_UIApplicationSupportsIndirectInputEvents = YES;
				INFOPLIST_KEY_UILaunchScreen_Generation = YES;
				INFOPLIST_KEY_UILaunchStoryboardName = "/Users/raynex/Desktop/Simulator Screenshot - iPhone 14 Pro - 2023-10-13 at 13.56.44.png";
				INFOPLIST_KEY_UISupportedInterfaceOrientations_iPad = "UIInterfaceOrientationPortrait UIInterfaceOrientationPortraitUpsideDown UIInterfaceOrientationLandscapeLeft UIInterfaceOrientationLandscapeRight";
				INFOPLIST_KEY_UISupportedInterfaceOrientations_iPhone = "UIInterfaceOrientationPortrait UIInterfaceOrientationLandscapeLeft UIInterfaceOrientationLandscapeRight";
				IPHONEOS_DEPLOYMENT_TARGET = 15.0;
				LD_RUNPATH_SEARCH_PATHS = (
					"$(inherited)",
					"@executable_path/Frameworks",
				);
				MARKETING_VERSION = 1.0;
				PRODUCT_BUNDLE_IDENTIFIER = com.raynmore.Nhafeflek;
				PRODUCT_NAME = "$(TARGET_NAME)";
				SWIFT_EMIT_LOC_STRINGS = YES;
				SWIFT_VERSION = 5.0;
				TARGETED_DEVICE_FAMILY = "1,2";
			};
			name = Release;
		};
/* End XCBuildConfiguration section */

/* Begin XCConfigurationList section */
		99A03B2C2AD5D39900814D02 /* Build configuration list for PBXProject "Nhafeflek" */ = {
			isa = XCConfigurationList;
			buildConfigurations = (
				99A03B3D2AD5D39B00814D02 /* Debug */,
				99A03B3E2AD5D39B00814D02 /* Release */,
			);
			defaultConfigurationIsVisible = 0;
			defaultConfigurationName = Release;
		};
		99A03B3F2AD5D39B00814D02 /* Build configuration list for PBXNativeTarget "Nhafeflek" */ = {
			isa = XCConfigurationList;
			buildConfigurations = (
				99A03B402AD5D39B00814D02 /* Debug */,
				99A03B412AD5D39B00814D02 /* Release */,
			);
			defaultConfigurationIsVisible = 0;
			defaultConfigurationName = Release;
		};
/* End XCConfigurationList section */

/* Begin XCRemoteSwiftPackageReference section */
		99ED94322AD92CF00022F1F7 /* XCRemoteSwiftPackageReference "firebase-ios-sdk" */ = {
			isa = XCRemoteSwiftPackageReference;
			repositoryURL = "https://github.com/firebase/firebase-ios-sdk";
			requirement = {
				kind = upToNextMajorVersion;
				minimumVersion = 10.16.0;
			};
		};
/* End XCRemoteSwiftPackageReference section */

/* Begin XCSwiftPackageProductDependency section */
		99319D512AE04818004765D3 /* HFNavigation */ = {
			isa = XCSwiftPackageProductDependency;
			productName = HFNavigation;
		};
		99319D5C2AE05818004765D3 /* HFAuth */ = {
			isa = XCSwiftPackageProductDependency;
			productName = HFAuth;
		};
		99319D5E2AE05818004765D3 /* HFCoreModel */ = {
			isa = XCSwiftPackageProductDependency;
			productName = HFCoreModel;
		};
		99319D602AE05818004765D3 /* HFCoreUI */ = {
			isa = XCSwiftPackageProductDependency;
			productName = HFCoreUI;
		};
		99A03B432AD5D42900814D02 /* HFNavigation */ = {
			isa = XCSwiftPackageProductDependency;
			productName = HFNavigation;
		};
		99ED94352AD92CF00022F1F7 /* FirebaseAuthCombine-Community */ = {
			isa = XCSwiftPackageProductDependency;
			package = 99ED94322AD92CF00022F1F7 /* XCRemoteSwiftPackageReference "firebase-ios-sdk" */;
			productName = "FirebaseAuthCombine-Community";
		};
		99ED94372AD92CF00022F1F7 /* FirebaseFirestore */ = {
			isa = XCSwiftPackageProductDependency;
			package = 99ED94322AD92CF00022F1F7 /* XCRemoteSwiftPackageReference "firebase-ios-sdk" */;
			productName = FirebaseFirestore;
		};
		99ED94392AD92CF00022F1F7 /* FirebaseFirestoreCombine-Community */ = {
			isa = XCSwiftPackageProductDependency;
			package = 99ED94322AD92CF00022F1F7 /* XCRemoteSwiftPackageReference "firebase-ios-sdk" */;
			productName = "FirebaseFirestoreCombine-Community";
		};
		99ED943B2AD92CF00022F1F7 /* FirebaseFirestoreSwift */ = {
			isa = XCSwiftPackageProductDependency;
			package = 99ED94322AD92CF00022F1F7 /* XCRemoteSwiftPackageReference "firebase-ios-sdk" */;
			productName = FirebaseFirestoreSwift;
		};
/* End XCSwiftPackageProductDependency section */
	};
	rootObject = 99A03B292AD5D39900814D02 /* Project object */;
}
